
Microsoft Visual Studio Solution File, Format Version 12.00
# Visual Studio Version 17
VisualStudioVersion = 17.6.33815.320
MinimumVisualStudioVersion = 10.0.40219.1
Project("{9A19103F-16F7-4668-BE54-9A1E7A4F7556}") = "BookHundred.Data", "BookHundred.Data\BookHundred.Data.csproj", "{B60798D4-C866-452F-B7AD-BAA9D8C3995E}"
EndProject
Project("{9A19103F-16F7-4668-BE54-9A1E7A4F7556}") = "BookHundred.Api", "BookHundred.Api\BookHundred.Api.csproj", "{5C020BD0-5F24-488F-8FC9-8BB122ED86A3}"
EndProject
Global
	GlobalSection(SolutionConfigurationPlatforms) = preSolution
		Debug|Any CPU = Debug|Any CPU
		Release|Any CPU = Release|Any CPU
	EndGlobalSection
	GlobalSection(ProjectConfigurationPlatforms) = postSolution
		{B60798D4-C866-452F-B7AD-BAA9D8C3995E}.Debug|Any CPU.ActiveCfg = Debug|Any CPU
		{B60798D4-C866-452F-B7AD-BAA9D8C3995E}.Debug|Any CPU.Build.0 = Debug|Any CPU
		{B60798D4-C866-452F-B7AD-BAA9D8C3995E}.Release|Any CPU.ActiveCfg = Release|Any CPU
		{B60798D4-C866-452F-B7AD-BAA9D8C3995E}.Release|Any CPU.Build.0 = Release|Any CPU
		{5C020BD0-5F24-488F-8FC9-8BB122ED86A3}.Debug|Any CPU.ActiveCfg = Debug|Any CPU
		{5C020BD0-5F24-488F-8FC9-8BB122ED86A3}.Debug|Any CPU.Build.0 = Debug|Any CPU
		{5C020BD0-5F24-488F-8FC9-8BB122ED86A3}.Release|Any CPU.ActiveCfg = Release|Any CPU
		{5C020BD0-5F24-488F-8FC9-8BB122ED86A3}.Release|Any CPU.Build.0 = Release|Any CPU
	EndGlobalSection
	GlobalSection(SolutionProperties) = preSolution
		HideSolutionNode = FALSE
	EndGlobalSection
	GlobalSection(ExtensibilityGlobals) = postSolution
		SolutionGuid = {F0FAB4F5-C0D4-48C8-8961-8FFF7F3F2C76}
	EndGlobalSection
EndGlobal
